// !$*UTF8*$!
{
	archiveVersion = 1;
	classes = {
	};
	objectVersion = 50;
	objects = {

/* Begin PBXBuildFile section */
		042D655621ABD58100DE5167 /* AppDelegate.swift in Sources */ = {isa = PBXBuildFile; fileRef = 042D655521ABD58100DE5167 /* AppDelegate.swift */; };
		042D655821ABD58100DE5167 /* ViewController.swift in Sources */ = {isa = PBXBuildFile; fileRef = 042D655721ABD58100DE5167 /* ViewController.swift */; };
		042D655B21ABD58200DE5167 /* Main.storyboard in Resources */ = {isa = PBXBuildFile; fileRef = 042D655921ABD58200DE5167 /* Main.storyboard */; };
		042D655D21ABD5B300DE5167 /* Assets.xcassets in Resources */ = {isa = PBXBuildFile; fileRef = 042D655C21ABD5B300DE5167 /* Assets.xcassets */; };
		042D656021ABD5B300DE5167 /* LaunchScreen.storyboard in Resources */ = {isa = PBXBuildFile; fileRef = 042D655E21ABD5B300DE5167 /* LaunchScreen.storyboard */; };
		04A8C10421AC20DA008BEE57 /* item.swift in Sources */ = {isa = PBXBuildFile; fileRef = 04A8C10321AC20DA008BEE57 /* item.swift */; };
		04A8C10621AD0331008BEE57 /* BaseViewController.swift in Sources */ = {isa = PBXBuildFile; fileRef = 04A8C10521AD0331008BEE57 /* BaseViewController.swift */; };
		04A8C10821AD6C7A008BEE57 /* ListVc.swift in Sources */ = {isa = PBXBuildFile; fileRef = 04A8C10721AD6C7A008BEE57 /* ListVc.swift */; };
		04A8C10B21AD6C9B008BEE57 /* ListCell.swift in Sources */ = {isa = PBXBuildFile; fileRef = 04A8C10A21AD6C9B008BEE57 /* ListCell.swift */; };
		F6730EB5822A6CF7EFFE13C3 /* Pods_Realm_DataBase.framework in Frameworks */ = {isa = PBXBuildFile; fileRef = 33E0E687D6C9F9BF1830E27C /* Pods_Realm_DataBase.framework */; };
/* End PBXBuildFile section */

/* Begin PBXFileReference section */
		042D655221ABD58000DE5167 /* Realm DataBase.app */ = {isa = PBXFileReference; explicitFileType = wrapper.application; includeInIndex = 0; path = "Realm DataBase.app"; sourceTree = BUILT_PRODUCTS_DIR; };
		042D655521ABD58100DE5167 /* AppDelegate.swift */ = {isa = PBXFileReference; lastKnownFileType = sourcecode.swift; path = AppDelegate.swift; sourceTree = "<group>"; };
		042D655721ABD58100DE5167 /* ViewController.swift */ = {isa = PBXFileReference; lastKnownFileType = sourcecode.swift; path = ViewController.swift; sourceTree = "<group>"; };
		042D655A21ABD58200DE5167 /* Base */ = {isa = PBXFileReference; lastKnownFileType = file.storyboard; name = Base; path = Base.lproj/Main.storyboard; sourceTree = "<group>"; };
		042D655C21ABD5B300DE5167 /* Assets.xcassets */ = {isa = PBXFileReference; lastKnownFileType = folder.assetcatalog; path = Assets.xcassets; sourceTree = "<group>"; };
		042D655F21ABD5B300DE5167 /* Base */ = {isa = PBXFileReference; lastKnownFileType = file.storyboard; name = Base; path = Base.lproj/LaunchScreen.storyboard; sourceTree = "<group>"; };
		042D656121ABD5B300DE5167 /* Info.plist */ = {isa = PBXFileReference; lastKnownFileType = text.plist.xml; path = Info.plist; sourceTree = "<group>"; };
		04A8C10321AC20DA008BEE57 /* item.swift */ = {isa = PBXFileReference; lastKnownFileType = sourcecode.swift; path = item.swift; sourceTree = "<group>"; };
		04A8C10521AD0331008BEE57 /* BaseViewController.swift */ = {isa = PBXFileReference; lastKnownFileType = sourcecode.swift; path = BaseViewController.swift; sourceTree = "<group>"; };
		04A8C10721AD6C7A008BEE57 /* ListVc.swift */ = {isa = PBXFileReference; lastKnownFileType = sourcecode.swift; path = ListVc.swift; sourceTree = "<group>"; };
		04A8C10A21AD6C9B008BEE57 /* ListCell.swift */ = {isa = PBXFileReference; lastKnownFileType = sourcecode.swift; path = ListCell.swift; sourceTree = "<group>"; };
		33E0E687D6C9F9BF1830E27C /* Pods_Realm_DataBase.framework */ = {isa = PBXFileReference; explicitFileType = wrapper.framework; includeInIndex = 0; path = Pods_Realm_DataBase.framework; sourceTree = BUILT_PRODUCTS_DIR; };
		6AD4D539396E7281F1AFAC97 /* Pods-Realm DataBase.debug.xcconfig */ = {isa = PBXFileReference; includeInIndex = 1; lastKnownFileType = text.xcconfig; name = "Pods-Realm DataBase.debug.xcconfig"; path = "Pods/Target Support Files/Pods-Realm DataBase/Pods-Realm DataBase.debug.xcconfig"; sourceTree = "<group>"; };
		8F56BFA0B8086448D89A3404 /* Pods-Realm DataBase.release.xcconfig */ = {isa = PBXFileReference; includeInIndex = 1; lastKnownFileType = text.xcconfig; name = "Pods-Realm DataBase.release.xcconfig"; path = "Pods/Target Support Files/Pods-Realm DataBase/Pods-Realm DataBase.release.xcconfig"; sourceTree = "<group>"; };
/* End PBXFileReference section */

/* Begin PBXFrameworksBuildPhase section */
		042D654F21ABD58000DE5167 /* Frameworks */ = {
			isa = PBXFrameworksBuildPhase;
			buildActionMask = 2147483647;
			files = (
				F6730EB5822A6CF7EFFE13C3 /* Pods_Realm_DataBase.framework in Frameworks */,
			);
			runOnlyForDeploymentPostprocessing = 0;
		};
/* End PBXFrameworksBuildPhase section */

/* Begin PBXGroup section */
		042D654921ABD57F00DE5167 = {
			isa = PBXGroup;
			children = (
				042D655421ABD58000DE5167 /* Realm DataBase */,
				042D655321ABD58000DE5167 /* Products */,
				F21E74BDCFED55331B08D5CA /* Pods */,
				C209A44D1CF4572A883B1403 /* Frameworks */,
			);
			sourceTree = "<group>";
		};
		042D655321ABD58000DE5167 /* Products */ = {
			isa = PBXGroup;
			children = (
				042D655221ABD58000DE5167 /* Realm DataBase.app */,
			);
			name = Products;
			sourceTree = "<group>";
		};
		042D655421ABD58000DE5167 /* Realm DataBase */ = {
			isa = PBXGroup;
			children = (
				042D655521ABD58100DE5167 /* AppDelegate.swift */,
				042D655721ABD58100DE5167 /* ViewController.swift */,
				04A8C10921AD6C7F008BEE57 /* ListVc */,
				042D655921ABD58200DE5167 /* Main.storyboard */,
				042D655C21ABD5B300DE5167 /* Assets.xcassets */,
				042D655E21ABD5B300DE5167 /* LaunchScreen.storyboard */,
				042D656121ABD5B300DE5167 /* Info.plist */,
				04A8C10321AC20DA008BEE57 /* item.swift */,
				04A8C10521AD0331008BEE57 /* BaseViewController.swift */,
			);
			path = "Realm DataBase";
			sourceTree = "<group>";
		};
		04A8C10921AD6C7F008BEE57 /* ListVc */ = {
			isa = PBXGroup;
			children = (
				04A8C10721AD6C7A008BEE57 /* ListVc.swift */,
				04A8C10A21AD6C9B008BEE57 /* ListCell.swift */,
			);
			name = ListVc;
			sourceTree = "<group>";
		};
		C209A44D1CF4572A883B1403 /* Frameworks */ = {
			isa = PBXGroup;
			children = (
				33E0E687D6C9F9BF1830E27C /* Pods_Realm_DataBase.framework */,
			);
			name = Frameworks;
			sourceTree = "<group>";
		};
		F21E74BDCFED55331B08D5CA /* Pods */ = {
			isa = PBXGroup;
			children = (
				6AD4D539396E7281F1AFAC97 /* Pods-Realm DataBase.debug.xcconfig */,
				8F56BFA0B8086448D89A3404 /* Pods-Realm DataBase.release.xcconfig */,
			);
			name = Pods;
			sourceTree = "<group>";
		};
/* End PBXGroup section */

/* Begin PBXNativeTarget section */
		042D655121ABD58000DE5167 /* Realm DataBase */ = {
			isa = PBXNativeTarget;
			buildConfigurationList = 042D656421ABD5B300DE5167 /* Build configuration list for PBXNativeTarget "Realm DataBase" */;
			buildPhases = (
				62C05AFC90140A95AF265B22 /* [CP] Check Pods Manifest.lock */,
				042D654E21ABD58000DE5167 /* Sources */,
				042D654F21ABD58000DE5167 /* Frameworks */,
				042D655021ABD58000DE5167 /* Resources */,
				739ECCCE2BBBDF58A01E9D8F /* [CP] Embed Pods Frameworks */,
				28F1BE7253D839B191AA5F8D /* [CP] Copy Pods Resources */,
			);
			buildRules = (
			);
			dependencies = (
			);
			name = "Realm DataBase";
			productName = "Realm DataBase";
			productReference = 042D655221ABD58000DE5167 /* Realm DataBase.app */;
			productType = "com.apple.product-type.application";
		};
/* End PBXNativeTarget section */

/* Begin PBXProject section */
		042D654A21ABD57F00DE5167 /* Project object */ = {
			isa = PBXProject;
			attributes = {
				LastSwiftUpdateCheck = 0940;
				LastUpgradeCheck = 0940;
				ORGANIZATIONNAME = Mac;
				TargetAttributes = {
					042D655121ABD58000DE5167 = {
						CreatedOnToolsVersion = 9.4.1;
					};
				};
			};
			buildConfigurationList = 042D654D21ABD57F00DE5167 /* Build configuration list for PBXProject "Realm DataBase" */;
			compatibilityVersion = "Xcode 9.3";
			developmentRegion = en;
			hasScannedForEncodings = 0;
			knownRegions = (
				en,
				Base,
			);
			mainGroup = 042D654921ABD57F00DE5167;
			productRefGroup = 042D655321ABD58000DE5167 /* Products */;
			projectDirPath = "";
			projectRoot = "";
			targets = (
				042D655121ABD58000DE5167 /* Realm DataBase */,
			);
		};
/* End PBXProject section */

/* Begin PBXResourcesBuildPhase section */
		042D655021ABD58000DE5167 /* Resources */ = {
			isa = PBXResourcesBuildPhase;
			buildActionMask = 2147483647;
			files = (
				042D656021ABD5B300DE5167 /* LaunchScreen.storyboard in Resources */,
				042D655D21ABD5B300DE5167 /* Assets.xcassets in Resources */,
				042D655B21ABD58200DE5167 /* Main.storyboard in Resources */,
			);
			runOnlyForDeploymentPostprocessing = 0;
		};
/* End PBXResourcesBuildPhase section */

/* Begin PBXShellScriptBuildPhase section */
		28F1BE7253D839B191AA5F8D /* [CP] Copy Pods Resources */ = {
			isa = PBXShellScriptBuildPhase;
			buildActionMask = 2147483647;
			files = (
			);
			inputPaths = (
			);
			name = "[CP] Copy Pods Resources";
			outputPaths = (
			);
			runOnlyForDeploymentPostprocessing = 0;
			shellPath = /bin/sh;
			shellScript = "\"${SRCROOT}/Pods/Target Support Files/Pods-Realm DataBase/Pods-Realm DataBase-resources.sh\"\n";
			showEnvVarsInLog = 0;
		};
		62C05AFC90140A95AF265B22 /* [CP] Check Pods Manifest.lock */ = {
			isa = PBXShellScriptBuildPhase;
			buildActionMask = 2147483647;
			files = (
			);
			inputPaths = (
				"${PODS_PODFILE_DIR_PATH}/Podfile.lock",
				"${PODS_ROOT}/Manifest.lock",
			);
			name = "[CP] Check Pods Manifest.lock";
			outputPaths = (
				"$(DERIVED_FILE_DIR)/Pods-Realm DataBase-checkManifestLockResult.txt",
			);
			runOnlyForDeploymentPostprocessing = 0;
			shellPath = /bin/sh;
			shellScript = "diff \"${PODS_PODFILE_DIR_PATH}/Podfile.lock\" \"${PODS_ROOT}/Manifest.lock\" > /dev/null\nif [ $? != 0 ] ; then\n    # print error to STDERR\n    echo \"error: The sandbox is not in sync with the Podfile.lock. Run 'pod install' or update your CocoaPods installation.\" >&2\n    exit 1\nfi\n# This output is used by Xcode 'outputs' to avoid re-running this script phase.\necho \"SUCCESS\" > \"${SCRIPT_OUTPUT_FILE_0}\"\n";
			showEnvVarsInLog = 0;
		};
		739ECCCE2BBBDF58A01E9D8F /* [CP] Embed Pods Frameworks */ = {
			isa = PBXShellScriptBuildPhase;
			buildActionMask = 2147483647;
			files = (
			);
			inputPaths = (
				"${SRCROOT}/Pods/Target Support Files/Pods-Realm DataBase/Pods-Realm DataBase-frameworks.sh",
				"${BUILT_PRODUCTS_DIR}/CropViewController/CropViewController.framework",
				"${BUILT_PRODUCTS_DIR}/IQKeyboardManagerSwift/IQKeyboardManagerSwift.framework",
				"${BUILT_PRODUCTS_DIR}/Realm/Realm.framework",
				"${BUILT_PRODUCTS_DIR}/RealmSwift/RealmSwift.framework",
			);
			name = "[CP] Embed Pods Frameworks";
			outputPaths = (
				"${TARGET_BUILD_DIR}/${FRAMEWORKS_FOLDER_PATH}/CropViewController.framework",
				"${TARGET_BUILD_DIR}/${FRAMEWORKS_FOLDER_PATH}/IQKeyboardManagerSwift.framework",
				"${TARGET_BUILD_DIR}/${FRAMEWORKS_FOLDER_PATH}/Realm.framework",
				"${TARGET_BUILD_DIR}/${FRAMEWORKS_FOLDER_PATH}/RealmSwift.framework",
			);
			runOnlyForDeploymentPostprocessing = 0;
			shellPath = /bin/sh;
			shellScript = "\"${SRCROOT}/Pods/Target Support Files/Pods-Realm DataBase/Pods-Realm DataBase-frameworks.sh\"\n";
			showEnvVarsInLog = 0;
		};
/* End PBXShellScriptBuildPhase section */

/* Begin PBXSourcesBuildPhase section */
		042D654E21ABD58000DE5167 /* Sources */ = {
			isa = PBXSourcesBuildPhase;
			buildActionMask = 2147483647;
			files = (
				042D655821ABD58100DE5167 /* ViewController.swift in Sources */,
				04A8C10821AD6C7A008BEE57 /* ListVc.swift in Sources */,
				04A8C10621AD0331008BEE57 /* BaseViewController.swift in Sources */,
				04A8C10B21AD6C9B008BEE57 /* ListCell.swift in Sources */,
				04A8C10421AC20DA008BEE57 /* item.swift in Sources */,
				042D655621ABD58100DE5167 /* AppDelegate.swift in Sources */,
			);
			runOnlyForDeploymentPostprocessing = 0;
		};
/* End PBXSourcesBuildPhase section */

/* Begin PBXVariantGroup section */
		042D655921ABD58200DE5167 /* Main.storyboard */ = {
			isa = PBXVariantGroup;
			children = (
				042D655A21ABD58200DE5167 /* Base */,
			);
			name = Main.storyboard;
			sourceTree = "<group>";
		};
		042D655E21ABD5B300DE5167 /* LaunchScreen.storyboard */ = {
			isa = PBXVariantGroup;
			children = (
				042D655F21ABD5B300DE5167 /* Base */,
			);
			name = LaunchScreen.storyboard;
			sourceTree = "<group>";
		};
/* End PBXVariantGroup section */

/* Begin XCBuildConfiguration section */
		042D656221ABD5B300DE5167 /* Debug */ = {
			isa = XCBuildConfiguration;
			buildSettings = {
				ALWAYS_SEARCH_USER_PATHS = NO;
				CLANG_ANALYZER_NONNULL = YES;
				CLANG_ANALYZER_NUMBER_OBJECT_CONVERSION = YES_AGGRESSIVE;
				CLANG_CXX_LANGUAGE_STANDARD = "gnu++14";
				CLANG_CXX_LIBRARY = "libc++";
				CLANG_ENABLE_MODULES = YES;
				CLANG_ENABLE_OBJC_ARC = YES;
				CLANG_ENABLE_OBJC_WEAK = YES;
				CLANG_WARN_BLOCK_CAPTURE_AUTORELEASING = YES;
				CLANG_WARN_BOOL_CONVERSION = YES;
				CLANG_WARN_COMMA = YES;
				CLANG_WARN_CONSTANT_CONVERSION = YES;
				CLANG_WARN_DEPRECATED_OBJC_IMPLEMENTATIONS = YES;
				CLANG_WARN_DIRECT_OBJC_ISA_USAGE = YES_ERROR;
				CLANG_WARN_DOCUMENTATION_COMMENTS = YES;
				CLANG_WARN_EMPTY_BODY = YES;
				CLANG_WARN_ENUM_CONVERSION = YES;
				CLANG_WARN_INFINITE_RECURSION = YES;
				CLANG_WARN_INT_CONVERSION = YES;
				CLANG_WARN_NON_LITERAL_NULL_CONVERSION = YES;
				CLANG_WARN_OBJC_IMPLICIT_RETAIN_SELF = YES;
				CLANG_WARN_OBJC_LITERAL_CONVERSION = YES;
				CLANG_WARN_OBJC_ROOT_CLASS = YES_ERROR;
				CLANG_WARN_RANGE_LOOP_ANALYSIS = YES;
				CLANG_WARN_STRICT_PROTOTYPES = YES;
				CLANG_WARN_SUSPICIOUS_MOVE = YES;
				CLANG_WARN_UNGUARDED_AVAILABILITY = YES_AGGRESSIVE;
				CLANG_WARN_UNREACHABLE_CODE = YES;
				CLANG_WARN__DUPLICATE_METHOD_MATCH = YES;
				CODE_SIGN_IDENTITY = "iPhone Developer";
				COPY_PHASE_STRIP = NO;
				DEBUG_INFORMATION_FORMAT = dwarf;
				ENABLE_STRICT_OBJC_MSGSEND = YES;
				ENABLE_TESTABILITY = YES;
				GCC_C_LANGUAGE_STANDARD = gnu11;
				GCC_DYNAMIC_NO_PIC = NO;
				GCC_NO_COMMON_BLOCKS = YES;
				GCC_OPTIMIZATION_LEVEL = 0;
				GCC_PREPROCESSOR_DEFINITIONS = (
					"DEBUG=1",
					"$(inherited)",
				);
				GCC_WARN_64_TO_32_BIT_CONVERSION = YES;
				GCC_WARN_ABOUT_RETURN_TYPE = YES_ERROR;
				GCC_WARN_UNDECLARED_SELECTOR = YES;
				GCC_WARN_UNINITIALIZED_AUTOS = YES_AGGRESSIVE;
				GCC_WARN_UNUSED_FUNCTION = YES;
				GCC_WARN_UNUSED_VARIABLE = YES;
				IPHONEOS_DEPLOYMENT_TARGET = 11.4;
				MTL_ENABLE_DEBUG_INFO = YES;
				ONLY_ACTIVE_ARCH = YES;
				SDKROOT = iphoneos;
				SWIFT_ACTIVE_COMPILATION_CONDITIONS = DEBUG;
				SWIFT_OPTIMIZATION_LEVEL = "-Onone";
			};
			name = Debug;
		};
		042D656321ABD5B300DE5167 /* Release */ = {
			isa = XCBuildConfiguration;
			buildSettings = {
				ALWAYS_SEARCH_USER_PATHS = NO;
				CLANG_ANALYZER_NONNULL = YES;
				CLANG_ANALYZER_NUMBER_OBJECT_CONVERSION = YES_AGGRESSIVE;
				CLANG_CXX_LANGUAGE_STANDARD = "gnu++14";
				CLANG_CXX_LIBRARY = "libc++";
				CLANG_ENABLE_MODULES = YES;
				CLANG_ENABLE_OBJC_ARC = YES;
				CLANG_ENABLE_OBJC_WEAK = YES;
				CLANG_WARN_BLOCK_CAPTURE_AUTORELEASING = YES;
				CLANG_WARN_BOOL_CONVERSION = YES;
				CLANG_WARN_COMMA = YES;
				CLANG_WARN_CONSTANT_CONVERSION = YES;
				CLANG_WARN_DEPRECATED_OBJC_IMPLEMENTATIONS = YES;
				CLANG_WARN_DIRECT_OBJC_ISA_USAGE = YES_ERROR;
				CLANG_WARN_DOCUMENTATION_COMMENTS = YES;
				CLANG_WARN_EMPTY_BODY = YES;
				CLANG_WARN_ENUM_CONVERSION = YES;
				CLANG_WARN_INFINITE_RECURSION = YES;
				CLANG_WARN_INT_CONVERSION = YES;
				CLANG_WARN_NON_LITERAL_NULL_CONVERSION = YES;
				CLANG_WARN_OBJC_IMPLICIT_RETAIN_SELF = YES;
				CLANG_WARN_OBJC_LITERAL_CONVERSION = YES;
				CLANG_WARN_OBJC_ROOT_CLASS = YES_ERROR;
				CLANG_WARN_RANGE_LOOP_ANALYSIS = YES;
				CLANG_WARN_STRICT_PROTOTYPES = YES;
				CLANG_WARN_SUSPICIOUS_MOVE = YES;
				CLANG_WARN_UNGUARDED_AVAILABILITY = YES_AGGRESSIVE;
				CLANG_WARN_UNREACHABLE_CODE = YES;
				CLANG_WARN__DUPLICATE_METHOD_MATCH = YES;
				CODE_SIGN_IDENTITY = "iPhone Developer";
				COPY_PHASE_STRIP = NO;
				DEBUG_INFORMATION_FORMAT = "dwarf-with-dsym";
				ENABLE_NS_ASSERTIONS = NO;
				ENABLE_STRICT_OBJC_MSGSEND = YES;
				GCC_C_LANGUAGE_STANDARD = gnu11;
				GCC_NO_COMMON_BLOCKS = YES;
				GCC_WARN_64_TO_32_BIT_CONVERSION = YES;
				GCC_WARN_ABOUT_RETURN_TYPE = YES_ERROR;
				GCC_WARN_UNDECLARED_SELECTOR = YES;
				GCC_WARN_UNINITIALIZED_AUTOS = YES_AGGRESSIVE;
				GCC_WARN_UNUSED_FUNCTION = YES;
				GCC_WARN_UNUSED_VARIABLE = YES;
				IPHONEOS_DEPLOYMENT_TARGET = 11.4;
				MTL_ENABLE_DEBUG_INFO = NO;
				SDKROOT = iphoneos;
				SWIFT_COMPILATION_MODE = wholemodule;
				SWIFT_OPTIMIZATION_LEVEL = "-O";
				VALIDATE_PRODUCT = YES;
			};
			name = Release;
		};
		042D656521ABD5B300DE5167 /* Debug */ = {
			isa = XCBuildConfiguration;
			baseConfigurationReference = 6AD4D539396E7281F1AFAC97 /* Pods-Realm DataBase.debug.xcconfig */;
			buildSettings = {
				ASSETCATALOG_COMPILER_APPICON_NAME = AppIcon;
				CODE_SIGN_STYLE = Automatic;
				DEVELOPMENT_TEAM = ATV3HY295J;
				INFOPLIST_FILE = "Realm DataBase/Info.plist";
				LD_RUNPATH_SEARCH_PATHS = "$(inherited) @executable_path/Frameworks";
				PRODUCT_BUNDLE_IDENTIFIER = "com.ramanora.Realm-DataBase";
				PRODUCT_NAME = "$(TARGET_NAME)";
				SWIFT_VERSION = 4.0;
				TARGETED_DEVICE_FAMILY = "1,2";
			};
			name = Debug;
		};
		042D656621ABD5B300DE5167 /* Release */ = {
			isa = XCBuildConfiguration;
			baseConfigurationReference = 8F56BFA0B8086448D89A3404 /* Pods-Realm DataBase.release.xcconfig */;
			buildSettings = {
				ASSETCATALOG_COMPILER_APPICON_NAME = AppIcon;
				CODE_SIGN_STYLE = Automatic;
				DEVELOPMENT_TEAM = ATV3HY295J;
				INFOPLIST_FILE = "Realm DataBase/Info.plist";
				LD_RUNPATH_SEARCH_PATHS = "$(inherited) @executable_path/Frameworks";
				PRODUCT_BUNDLE_IDENTIFIER = "com.ramanora.Realm-DataBase";
				PRODUCT_NAME = "$(TARGET_NAME)";
				SWIFT_VERSION = 4.0;
				TARGETED_DEVICE_FAMILY = "1,2";
			};
			name = Release;
		};
/* End XCBuildConfiguration section */

/* Begin XCConfigurationList section */
		042D654D21ABD57F00DE5167 /* Build configuration list for PBXProject "Realm DataBase" */ = {
			isa = XCConfigurationList;
			buildConfigurations = (
				042D656221ABD5B300DE5167 /* Debug */,
				042D656321ABD5B300DE5167 /* Release */,
			);
			defaultConfigurationIsVisible = 0;
			defaultConfigurationName = Release;
		};
		042D656421ABD5B300DE5167 /* Build configuration list for PBXNativeTarget "Realm DataBase" */ = {
			isa = XCConfigurationList;
			buildConfigurations = (
				042D656521ABD5B300DE5167 /* Debug */,
				042D656621ABD5B300DE5167 /* Release */,
			);
			defaultConfigurationIsVisible = 0;
			defaultConfigurationName = Release;
		};
/* End XCConfigurationList section */
	};
	rootObject = 042D654A21ABD57F00DE5167 /* Project object */;
}
